
Microsoft Visual Studio Solution File, Format Version 12.00
# Visual Studio Version 16
VisualStudioVersion = 16.0.29503.13
MinimumVisualStudioVersion = 10.0.40219.1
Project("{2150E333-8FDC-42A3-9474-1A3956D46DE8}") = "Foundation", "Foundation", "{C3F57797-2D54-4626-B842-51F30272E972}"
EndProject
Project("{2150E333-8FDC-42A3-9474-1A3956D46DE8}") = "ORM", "ORM", "{01ACDA66-22F3-4F9B-BF2A-861D3CE46784}"
EndProject
Project("{2150E333-8FDC-42A3-9474-1A3956D46DE8}") = "Content", "Content", "{F2FD5CAD-01CE-40D6-82B5-E243313A4CD3}"
EndProject
Project("{2150E333-8FDC-42A3-9474-1A3956D46DE8}") = "Search", "Search", "{1065468B-FB5C-4E5F-9050-CBC87D178BB6}"
EndProject
Project("{2150E333-8FDC-42A3-9474-1A3956D46DE8}") = "Feature", "Feature", "{60DA3F20-DEED-4580-AE38-A296D76ADE79}"
EndProject
Project("{2150E333-8FDC-42A3-9474-1A3956D46DE8}") = "Project", "Project", "{A7FC0385-84B6-4FB4-92DD-7372A45444F7}"
EndProject
Project("{2150E333-8FDC-42A3-9474-1A3956D46DE8}") = "Configuration", "Configuration", "{48A68BF7-0608-4AA9-9F36-809E2731150A}"
	ProjectSection(SolutionItems) = preProject
		.gitattributes = .gitattributes
		gulp-config.js = gulp-config.js
		gulpfile.js = gulpfile.js
		NuGet.config = NuGet.config
		README.md = README.md
		sitecore.json = sitecore.json
	EndProjectSection
EndProject
Project("{2150E333-8FDC-42A3-9474-1A3956D46DE8}") = "DI", "DI", "{0ACE73B5-5F04-4603-BC37-63706BEF40AB}"
EndProject
Project("{2150E333-8FDC-42A3-9474-1A3956D46DE8}") = "Core", "Core", "{3B0CF2FF-3D0D-415C-8453-9C4F8A9BA4B7}"
EndProject
Project("{2150E333-8FDC-42A3-9474-1A3956D46DE8}") = "Logging", "Logging", "{0E67BAB2-5BB6-415A-B719-79B72194584C}"
EndProject
Project("{2150E333-8FDC-42A3-9474-1A3956D46DE8}") = "Common", "Common", "{B97DCF0D-3A73-4D50-8D74-F6BFE1F4FD13}"
EndProject
Project("{2150E333-8FDC-42A3-9474-1A3956D46DE8}") = "ENBD", "ENBD", "{59A9CB03-897F-440C-A795-A95B01E040C8}"
EndProject
Project("{2150E333-8FDC-42A3-9474-1A3956D46DE8}") = "Liv", "Liv", "{D49D0439-A2C0-42AA-B5EA-AA339C67F013}"
EndProject
Project("{2150E333-8FDC-42A3-9474-1A3956D46DE8}") = "SitecoreWebApi", "SitecoreWebApi", "{22230011-E49F-4819-B72E-7B0CB5261C4E}"
EndProject
Project("{2150E333-8FDC-42A3-9474-1A3956D46DE8}") = "Website", "Website", "{ABB8887A-10E1-4FE0-89D8-99881C84D5E7}"
EndProject
Project("{2150E333-8FDC-42A3-9474-1A3956D46DE8}") = "CMS", "CMS", "{5E95CC92-C212-4AE3-9C34-F175018AA45B}"
EndProject
Project("{2150E333-8FDC-42A3-9474-1A3956D46DE8}") = "CommunicationAPI", "CommunicationAPI", "{7DFE27A4-57C8-4997-B500-60A30580D5C1}"
EndProject
Project("{2150E333-8FDC-42A3-9474-1A3956D46DE8}") = "Redirect", "Redirect", "{B09082E9-FFFB-4026-A080-EE980707F842}"
EndProject
Project("{2150E333-8FDC-42A3-9474-1A3956D46DE8}") = "Serialization", "Serialization", "{4E0EF445-5145-4EC7-9E41-BCD449D6B838}"
EndProject
Project("{2150E333-8FDC-42A3-9474-1A3956D46DE8}") = "Common", "Common", "{BCC39C10-AAE8-431D-AA2F-8402E1A10C1F}"
EndProject
Project("{2150E333-8FDC-42A3-9474-1A3956D46DE8}") = "Enbd", "Enbd", "{076A5C68-64E3-42A6-878B-F8B9BD7436D0}"
EndProject
Project("{2150E333-8FDC-42A3-9474-1A3956D46DE8}") = "Liv", "Liv", "{0577921E-696C-4D24-915A-A05C461169D0}"
EndProject
Project("{2150E333-8FDC-42A3-9474-1A3956D46DE8}") = "ENBD", "ENBD", "{38D251DB-B94F-4DCA-A67B-AE2693556129}"
EndProject
Project("{2150E333-8FDC-42A3-9474-1A3956D46DE8}") = "API", "API", "{9B959ABD-DF0B-4A1A-9E24-CCE52E20AA4C}"
EndProject
Project("{2150E333-8FDC-42A3-9474-1A3956D46DE8}") = "Website", "Website", "{B38064CC-6FB3-49D6-87CA-706C214A203E}"
EndProject
Project("{2150E333-8FDC-42A3-9474-1A3956D46DE8}") = "Liv", "Liv", "{7BEACB52-F053-4FC5-BA39-0B8FE561E2E5}"
EndProject
Project("{2150E333-8FDC-42A3-9474-1A3956D46DE8}") = "Website", "Website", "{03E472E1-CD10-4CFA-9A22-705E44BD1431}"
EndProject
Project("{FAE04EC0-301F-11D3-BF4B-00C04F79EFBC}") = "ENBDGroup.Project.ENBD.API", "src\Project\ENBD\API\ENBDGroup.Project.ENBD.API\ENBDGroup.Project.ENBD.API.csproj", "{AFD84146-E68F-4D6D-A9B0-0DB853791A6D}"
EndProject
Project("{FAE04EC0-301F-11D3-BF4B-00C04F79EFBC}") = "ENBDGroup.Project.ENBD.Website", "src\Project\ENBD\Website\website\ENBDGroup.Project.ENBD.Website\ENBDGroup.Project.ENBD.Website.csproj", "{0F0512A0-9796-4C69-80C8-CB0EFF9C4AA4}"
EndProject
Project("{FAE04EC0-301F-11D3-BF4B-00C04F79EFBC}") = "ENBDGroup.Project.Liv.Website", "src\Project\Liv\Website\website\ENBDGroup.Project.Liv.Website\ENBDGroup.Project.Liv.Website.csproj", "{BE814B29-05AA-473F-B3EA-C03CC98D32B6}"
EndProject
Project("{FAE04EC0-301F-11D3-BF4B-00C04F79EFBC}") = "ENBDGroup.Foundation.Common.CMS", "src\Foundation\Common\CMS\website\ENBDGroup.Foundation.Common.CMS.csproj", "{82C8BEE0-3AE0-422E-A9C7-6ED9398E0E42}"
EndProject
Project("{FAE04EC0-301F-11D3-BF4B-00C04F79EFBC}") = "ENBDGroup.Foundation.Common.CommunicationAPI", "src\Foundation\Common\CommunicationAPI\website\ENBDGroup.Foundation.Common.CommunicationAPI.csproj", "{BFDD1AE0-9CFB-4A8C-8EE0-5BB72A51A123}"
EndProject
Project("{FAE04EC0-301F-11D3-BF4B-00C04F79EFBC}") = "ENBDGroup.Foundation.Common.Content", "src\Foundation\Common\Content\website\ENBDGroup.Foundation.Common.Content.csproj", "{DA9214CC-3F99-4C4E-A52D-4793E45F7DE0}"
EndProject
Project("{FAE04EC0-301F-11D3-BF4B-00C04F79EFBC}") = "ENBDGroup.Foundation.Common.Core", "src\Foundation\Common\Core\website\ENBDGroup.Foundation.Common.Core.csproj", "{87E68542-523A-4F30-BBCE-35DC067B3C95}"
EndProject
Project("{FAE04EC0-301F-11D3-BF4B-00C04F79EFBC}") = "ENBDGroup.Foundation.Common.DI", "src\Foundation\Common\DI\website\ENBDGroup.Foundation.Common.DI.csproj", "{DCC84D98-BD6F-42DD-8BBE-60253E2D9D92}"
EndProject
Project("{FAE04EC0-301F-11D3-BF4B-00C04F79EFBC}") = "ENBDGroup.Foundation.Common.Logging", "src\Foundation\Common\Logging\website\ENBDGroup.Foundation.Common.Logging.csproj", "{1373BEA6-EEB6-439C-BE12-FC56F419520B}"
EndProject
Project("{FAE04EC0-301F-11D3-BF4B-00C04F79EFBC}") = "ENBDGroup.Foundation.Common.ORM", "src\Foundation\Common\ORM\website\ENBDGroup.Foundation.Common.ORM.csproj", "{E4D69957-1812-4CDA-8005-48C0BCBBC4CE}"
EndProject
Project("{FAE04EC0-301F-11D3-BF4B-00C04F79EFBC}") = "ENBDGroup.Foundation.Common.Redirect", "src\Foundation\Common\Redirect\website\ENBDGroup.Foundation.Common.Redirect.csproj", "{B86984B9-F271-4FE1-9EA9-DDB9BD9A3185}"
EndProject
Project("{FAE04EC0-301F-11D3-BF4B-00C04F79EFBC}") = "ENBDGroup.Foundation.Common.Search", "src\Foundation\Common\Search\website\ENBDGroup.Foundation.Common.Search.csproj", "{FB17D1E5-9483-4DCD-B8FF-A782E38DA50A}"
EndProject
Project("{FAE04EC0-301F-11D3-BF4B-00C04F79EFBC}") = "ENBDGroup.Foundation.Common.Serialization", "src\Foundation\Common\Serialization\website\ENBDGroup.Foundation.Common.Serialization.csproj", "{4367CE76-056C-41F8-A9C6-33708DDB4262}"
EndProject
Project("{FAE04EC0-301F-11D3-BF4B-00C04F79EFBC}") = "ENBDGroup.Feature.Liv.Website", "src\Feature\Liv\Website\website\ENBDGroup.Feature.Liv.Website.csproj", "{77F79CB0-FEAC-4439-BF38-8D44C2519859}"
EndProject
Project("{FAE04EC0-301F-11D3-BF4B-00C04F79EFBC}") = "ENBDGroup.Feature.Enbd.Website", "src\Feature\ENBD\Website\website\ENBDGroup.Feature.Enbd.Website.csproj", "{1D736A30-7BAE-4AC6-8E54-2DC0A53F5CFB}"
EndProject
Project("{FAE04EC0-301F-11D3-BF4B-00C04F79EFBC}") = "ENBDGroup.Feature.Enbd.SitecoreWebApi", "src\Feature\ENBD\SitecoreWebApi\website\ENBDGroup.Feature.Enbd.SitecoreWebApi.csproj", "{FCCEB6F3-244C-4ACE-8EFB-6C35880FF3ED}"
EndProject
Global
	GlobalSection(SolutionConfigurationPlatforms) = preSolution
		Debug|Any CPU = Debug|Any CPU
		Release|Any CPU = Release|Any CPU
	EndGlobalSection
	GlobalSection(ProjectConfigurationPlatforms) = postSolution
		{AFD84146-E68F-4D6D-A9B0-0DB853791A6D}.Debug|Any CPU.ActiveCfg = Debug|Any CPU
		{AFD84146-E68F-4D6D-A9B0-0DB853791A6D}.Debug|Any CPU.Build.0 = Debug|Any CPU
		{AFD84146-E68F-4D6D-A9B0-0DB853791A6D}.Release|Any CPU.ActiveCfg = Release|Any CPU
		{AFD84146-E68F-4D6D-A9B0-0DB853791A6D}.Release|Any CPU.Build.0 = Release|Any CPU
		{0F0512A0-9796-4C69-80C8-CB0EFF9C4AA4}.Debug|Any CPU.ActiveCfg = Debug|Any CPU
		{0F0512A0-9796-4C69-80C8-CB0EFF9C4AA4}.Debug|Any CPU.Build.0 = Debug|Any CPU
		{0F0512A0-9796-4C69-80C8-CB0EFF9C4AA4}.Release|Any CPU.ActiveCfg = Release|Any CPU
		{0F0512A0-9796-4C69-80C8-CB0EFF9C4AA4}.Release|Any CPU.Build.0 = Release|Any CPU
		{BE814B29-05AA-473F-B3EA-C03CC98D32B6}.Debug|Any CPU.ActiveCfg = Debug|Any CPU
		{BE814B29-05AA-473F-B3EA-C03CC98D32B6}.Debug|Any CPU.Build.0 = Debug|Any CPU
		{BE814B29-05AA-473F-B3EA-C03CC98D32B6}.Release|Any CPU.ActiveCfg = Release|Any CPU
		{BE814B29-05AA-473F-B3EA-C03CC98D32B6}.Release|Any CPU.Build.0 = Release|Any CPU
		{82C8BEE0-3AE0-422E-A9C7-6ED9398E0E42}.Debug|Any CPU.ActiveCfg = Debug|Any CPU
		{82C8BEE0-3AE0-422E-A9C7-6ED9398E0E42}.Debug|Any CPU.Build.0 = Debug|Any CPU
		{82C8BEE0-3AE0-422E-A9C7-6ED9398E0E42}.Release|Any CPU.ActiveCfg = Release|Any CPU
		{82C8BEE0-3AE0-422E-A9C7-6ED9398E0E42}.Release|Any CPU.Build.0 = Release|Any CPU
		{BFDD1AE0-9CFB-4A8C-8EE0-5BB72A51A123}.Debug|Any CPU.ActiveCfg = Debug|Any CPU
		{BFDD1AE0-9CFB-4A8C-8EE0-5BB72A51A123}.Debug|Any CPU.Build.0 = Debug|Any CPU
		{BFDD1AE0-9CFB-4A8C-8EE0-5BB72A51A123}.Release|Any CPU.ActiveCfg = Release|Any CPU
		{BFDD1AE0-9CFB-4A8C-8EE0-5BB72A51A123}.Release|Any CPU.Build.0 = Release|Any CPU
		{DA9214CC-3F99-4C4E-A52D-4793E45F7DE0}.Debug|Any CPU.ActiveCfg = Debug|Any CPU
		{DA9214CC-3F99-4C4E-A52D-4793E45F7DE0}.Debug|Any CPU.Build.0 = Debug|Any CPU
		{DA9214CC-3F99-4C4E-A52D-4793E45F7DE0}.Release|Any CPU.ActiveCfg = Release|Any CPU
		{DA9214CC-3F99-4C4E-A52D-4793E45F7DE0}.Release|Any CPU.Build.0 = Release|Any CPU
		{87E68542-523A-4F30-BBCE-35DC067B3C95}.Debug|Any CPU.ActiveCfg = Debug|Any CPU
		{87E68542-523A-4F30-BBCE-35DC067B3C95}.Debug|Any CPU.Build.0 = Debug|Any CPU
		{87E68542-523A-4F30-BBCE-35DC067B3C95}.Release|Any CPU.ActiveCfg = Release|Any CPU
		{87E68542-523A-4F30-BBCE-35DC067B3C95}.Release|Any CPU.Build.0 = Release|Any CPU
		{DCC84D98-BD6F-42DD-8BBE-60253E2D9D92}.Debug|Any CPU.ActiveCfg = Debug|Any CPU
		{DCC84D98-BD6F-42DD-8BBE-60253E2D9D92}.Debug|Any CPU.Build.0 = Debug|Any CPU
		{DCC84D98-BD6F-42DD-8BBE-60253E2D9D92}.Release|Any CPU.ActiveCfg = Release|Any CPU
		{DCC84D98-BD6F-42DD-8BBE-60253E2D9D92}.Release|Any CPU.Build.0 = Release|Any CPU
		{1373BEA6-EEB6-439C-BE12-FC56F419520B}.Debug|Any CPU.ActiveCfg = Debug|Any CPU
		{1373BEA6-EEB6-439C-BE12-FC56F419520B}.Debug|Any CPU.Build.0 = Debug|Any CPU
		{1373BEA6-EEB6-439C-BE12-FC56F419520B}.Release|Any CPU.ActiveCfg = Release|Any CPU
		{1373BEA6-EEB6-439C-BE12-FC56F419520B}.Release|Any CPU.Build.0 = Release|Any CPU
		{E4D69957-1812-4CDA-8005-48C0BCBBC4CE}.Debug|Any CPU.ActiveCfg = Debug|Any CPU
		{E4D69957-1812-4CDA-8005-48C0BCBBC4CE}.Debug|Any CPU.Build.0 = Debug|Any CPU
		{E4D69957-1812-4CDA-8005-48C0BCBBC4CE}.Release|Any CPU.ActiveCfg = Release|Any CPU
		{E4D69957-1812-4CDA-8005-48C0BCBBC4CE}.Release|Any CPU.Build.0 = Release|Any CPU
		{B86984B9-F271-4FE1-9EA9-DDB9BD9A3185}.Debug|Any CPU.ActiveCfg = Debug|Any CPU
		{B86984B9-F271-4FE1-9EA9-DDB9BD9A3185}.Debug|Any CPU.Build.0 = Debug|Any CPU
		{B86984B9-F271-4FE1-9EA9-DDB9BD9A3185}.Release|Any CPU.ActiveCfg = Release|Any CPU
		{B86984B9-F271-4FE1-9EA9-DDB9BD9A3185}.Release|Any CPU.Build.0 = Release|Any CPU
		{FB17D1E5-9483-4DCD-B8FF-A782E38DA50A}.Debug|Any CPU.ActiveCfg = Debug|Any CPU
		{FB17D1E5-9483-4DCD-B8FF-A782E38DA50A}.Debug|Any CPU.Build.0 = Debug|Any CPU
		{FB17D1E5-9483-4DCD-B8FF-A782E38DA50A}.Release|Any CPU.ActiveCfg = Release|Any CPU
		{FB17D1E5-9483-4DCD-B8FF-A782E38DA50A}.Release|Any CPU.Build.0 = Release|Any CPU
		{4367CE76-056C-41F8-A9C6-33708DDB4262}.Debug|Any CPU.ActiveCfg = Debug|Any CPU
		{4367CE76-056C-41F8-A9C6-33708DDB4262}.Debug|Any CPU.Build.0 = Debug|Any CPU
		{4367CE76-056C-41F8-A9C6-33708DDB4262}.Release|Any CPU.ActiveCfg = Release|Any CPU
		{4367CE76-056C-41F8-A9C6-33708DDB4262}.Release|Any CPU.Build.0 = Release|Any CPU
		{77F79CB0-FEAC-4439-BF38-8D44C2519859}.Debug|Any CPU.ActiveCfg = Debug|Any CPU
		{77F79CB0-FEAC-4439-BF38-8D44C2519859}.Debug|Any CPU.Build.0 = Debug|Any CPU
		{77F79CB0-FEAC-4439-BF38-8D44C2519859}.Release|Any CPU.ActiveCfg = Release|Any CPU
		{77F79CB0-FEAC-4439-BF38-8D44C2519859}.Release|Any CPU.Build.0 = Release|Any CPU
		{1D736A30-7BAE-4AC6-8E54-2DC0A53F5CFB}.Debug|Any CPU.ActiveCfg = Debug|Any CPU
		{1D736A30-7BAE-4AC6-8E54-2DC0A53F5CFB}.Debug|Any CPU.Build.0 = Debug|Any CPU
		{1D736A30-7BAE-4AC6-8E54-2DC0A53F5CFB}.Release|Any CPU.ActiveCfg = Release|Any CPU
		{1D736A30-7BAE-4AC6-8E54-2DC0A53F5CFB}.Release|Any CPU.Build.0 = Release|Any CPU
		{FCCEB6F3-244C-4ACE-8EFB-6C35880FF3ED}.Debug|Any CPU.ActiveCfg = Debug|Any CPU
		{FCCEB6F3-244C-4ACE-8EFB-6C35880FF3ED}.Debug|Any CPU.Build.0 = Debug|Any CPU
		{FCCEB6F3-244C-4ACE-8EFB-6C35880FF3ED}.Release|Any CPU.ActiveCfg = Release|Any CPU
		{FCCEB6F3-244C-4ACE-8EFB-6C35880FF3ED}.Release|Any CPU.Build.0 = Release|Any CPU
	EndGlobalSection
	GlobalSection(SolutionProperties) = preSolution
		HideSolutionNode = FALSE
	EndGlobalSection
	GlobalSection(NestedProjects) = preSolution
		{01ACDA66-22F3-4F9B-BF2A-861D3CE46784} = {BCC39C10-AAE8-431D-AA2F-8402E1A10C1F}
		{F2FD5CAD-01CE-40D6-82B5-E243313A4CD3} = {BCC39C10-AAE8-431D-AA2F-8402E1A10C1F}
		{1065468B-FB5C-4E5F-9050-CBC87D178BB6} = {BCC39C10-AAE8-431D-AA2F-8402E1A10C1F}
		{0ACE73B5-5F04-4603-BC37-63706BEF40AB} = {BCC39C10-AAE8-431D-AA2F-8402E1A10C1F}
		{3B0CF2FF-3D0D-415C-8453-9C4F8A9BA4B7} = {BCC39C10-AAE8-431D-AA2F-8402E1A10C1F}
		{0E67BAB2-5BB6-415A-B719-79B72194584C} = {BCC39C10-AAE8-431D-AA2F-8402E1A10C1F}
		{B97DCF0D-3A73-4D50-8D74-F6BFE1F4FD13} = {60DA3F20-DEED-4580-AE38-A296D76ADE79}
		{59A9CB03-897F-440C-A795-A95B01E040C8} = {60DA3F20-DEED-4580-AE38-A296D76ADE79}
		{D49D0439-A2C0-42AA-B5EA-AA339C67F013} = {60DA3F20-DEED-4580-AE38-A296D76ADE79}
		{22230011-E49F-4819-B72E-7B0CB5261C4E} = {59A9CB03-897F-440C-A795-A95B01E040C8}
		{ABB8887A-10E1-4FE0-89D8-99881C84D5E7} = {59A9CB03-897F-440C-A795-A95B01E040C8}
		{5E95CC92-C212-4AE3-9C34-F175018AA45B} = {BCC39C10-AAE8-431D-AA2F-8402E1A10C1F}
		{7DFE27A4-57C8-4997-B500-60A30580D5C1} = {BCC39C10-AAE8-431D-AA2F-8402E1A10C1F}
		{B09082E9-FFFB-4026-A080-EE980707F842} = {BCC39C10-AAE8-431D-AA2F-8402E1A10C1F}
		{4E0EF445-5145-4EC7-9E41-BCD449D6B838} = {BCC39C10-AAE8-431D-AA2F-8402E1A10C1F}
		{BCC39C10-AAE8-431D-AA2F-8402E1A10C1F} = {C3F57797-2D54-4626-B842-51F30272E972}
		{076A5C68-64E3-42A6-878B-F8B9BD7436D0} = {C3F57797-2D54-4626-B842-51F30272E972}
		{0577921E-696C-4D24-915A-A05C461169D0} = {C3F57797-2D54-4626-B842-51F30272E972}
		{38D251DB-B94F-4DCA-A67B-AE2693556129} = {A7FC0385-84B6-4FB4-92DD-7372A45444F7}
		{9B959ABD-DF0B-4A1A-9E24-CCE52E20AA4C} = {38D251DB-B94F-4DCA-A67B-AE2693556129}
		{B38064CC-6FB3-49D6-87CA-706C214A203E} = {38D251DB-B94F-4DCA-A67B-AE2693556129}
		{7BEACB52-F053-4FC5-BA39-0B8FE561E2E5} = {A7FC0385-84B6-4FB4-92DD-7372A45444F7}
		{03E472E1-CD10-4CFA-9A22-705E44BD1431} = {7BEACB52-F053-4FC5-BA39-0B8FE561E2E5}
		{AFD84146-E68F-4D6D-A9B0-0DB853791A6D} = {9B959ABD-DF0B-4A1A-9E24-CCE52E20AA4C}
		{0F0512A0-9796-4C69-80C8-CB0EFF9C4AA4} = {B38064CC-6FB3-49D6-87CA-706C214A203E}
		{BE814B29-05AA-473F-B3EA-C03CC98D32B6} = {03E472E1-CD10-4CFA-9A22-705E44BD1431}
		{82C8BEE0-3AE0-422E-A9C7-6ED9398E0E42} = {5E95CC92-C212-4AE3-9C34-F175018AA45B}
		{BFDD1AE0-9CFB-4A8C-8EE0-5BB72A51A123} = {7DFE27A4-57C8-4997-B500-60A30580D5C1}
		{DA9214CC-3F99-4C4E-A52D-4793E45F7DE0} = {F2FD5CAD-01CE-40D6-82B5-E243313A4CD3}
		{87E68542-523A-4F30-BBCE-35DC067B3C95} = {3B0CF2FF-3D0D-415C-8453-9C4F8A9BA4B7}
		{DCC84D98-BD6F-42DD-8BBE-60253E2D9D92} = {0ACE73B5-5F04-4603-BC37-63706BEF40AB}
		{1373BEA6-EEB6-439C-BE12-FC56F419520B} = {0E67BAB2-5BB6-415A-B719-79B72194584C}
		{E4D69957-1812-4CDA-8005-48C0BCBBC4CE} = {01ACDA66-22F3-4F9B-BF2A-861D3CE46784}
		{B86984B9-F271-4FE1-9EA9-DDB9BD9A3185} = {B09082E9-FFFB-4026-A080-EE980707F842}
		{FB17D1E5-9483-4DCD-B8FF-A782E38DA50A} = {1065468B-FB5C-4E5F-9050-CBC87D178BB6}
		{4367CE76-056C-41F8-A9C6-33708DDB4262} = {4E0EF445-5145-4EC7-9E41-BCD449D6B838}
		{77F79CB0-FEAC-4439-BF38-8D44C2519859} = {D49D0439-A2C0-42AA-B5EA-AA339C67F013}
		{1D736A30-7BAE-4AC6-8E54-2DC0A53F5CFB} = {ABB8887A-10E1-4FE0-89D8-99881C84D5E7}
		{FCCEB6F3-244C-4ACE-8EFB-6C35880FF3ED} = {22230011-E49F-4819-B72E-7B0CB5261C4E}
	EndGlobalSection
	GlobalSection(ExtensibilityGlobals) = postSolution
		SolutionGuid = {845F548C-FD53-4C61-AB7F-953C2225A13B}
		EnterpriseLibraryConfigurationToolBinariesPathV6 = packages\EnterpriseLibrary.Common.6.0.1304.0\lib\NET45;packages\EnterpriseLibrary.TransientFaultHandling.6.0.1304.0\lib\portable-net45+win+wp8;packages\EnterpriseLibrary.TransientFaultHandling.Caching.6.0.1304.0\lib\NET45;packages\EnterpriseLibrary.TransientFaultHandling.Data.6.0.1304.1\lib\NET45;packages\EnterpriseLibrary.TransientFaultHandling.ServiceBus.6.0.1304.0\lib\NET45;packages\EnterpriseLibrary.TransientFaultHandling.WindowsAzure.Storage.6.0.1304.0\lib\NET45;packages\EnterpriseLibrary.TransientFaultHandling.Configuration.6.0.1304.0\lib\NET45
	EndGlobalSection
EndGlobal
